
Microsoft Visual Studio Solution File, Format Version 12.00
# Visual Studio 15
VisualStudioVersion = 15.0.27703.2026
MinimumVisualStudioVersion = 10.0.40219.1
Project("{FAE04EC0-301F-11D3-BF4B-00C04F79EFBC}") = "BootstrapJavaTest", "BootstrapJavaTest\BootstrapJavaTest.csproj", "{89ED4D63-1682-496D-9AEE-B923F06D8E15}"
EndProject
Global
	GlobalSection(SolutionConfigurationPlatforms) = preSolution
		Debug|Any CPU = Debug|Any CPU
		Release|Any CPU = Release|Any CPU
	EndGlobalSection
	GlobalSection(ProjectConfigurationPlatforms) = postSolution
		{89ED4D63-1682-496D-9AEE-B923F06D8E15}.Debug|Any CPU.ActiveCfg = Debug|Any CPU
		{89ED4D63-1682-496D-9AEE-B923F06D8E15}.Debug|Any CPU.Build.0 = Debug|Any CPU
		{89ED4D63-1682-496D-9AEE-B923F06D8E15}.Release|Any CPU.ActiveCfg = Release|Any CPU
		{89ED4D63-1682-496D-9AEE-B923F06D8E15}.Release|Any CPU.Build.0 = Release|Any CPU
	EndGlobalSection
	GlobalSection(SolutionProperties) = preSolution
		HideSolutionNode = FALSE
	EndGlobalSection
	GlobalSection(ExtensibilityGlobals) = postSolution
		SolutionGuid = {22E2F555-A221-4BF8-8550-C1E6D6B75452}
	EndGlobalSection
EndGlobal
